# This file is generated by running "yarn install" inside your project.
# Manual changes might be lost - proceed with caution!

__metadata:
  version: 10
  cacheKey: 10c0

"@mixmark-io/domino@npm:^2.2.0":
  version: 2.2.0
  resolution: "@mixmark-io/domino@npm:2.2.0"
  checksum: 10c0/aa468a15f9217d425220fe6a4b3f9416cbe8e566ee14efc191c6d5cc04fe39338b16a90bbac190f28d44e69465db5f2cf95f479c621ce38060ca6b2a3d346e9d
  languageName: node
  linkType: hard

"@openagenda/claude-plugins@workspace:.":
  version: 0.0.0-use.local
  resolution: "@openagenda/claude-plugins@workspace:."
  dependencies:
    he: "npm:^1.2.0"
    turndown: "npm:^7.2.0"
  languageName: unknown
  linkType: soft

"he@npm:^1.2.0":
  version: 1.2.0
  resolution: "he@npm:1.2.0"
  bin:
    he: bin/he
  checksum: 10c0/a27d478befe3c8192f006cdd0639a66798979dfa6e2125c6ac582a19a5ebfec62ad83e8382e6036170d873f46e4536a7e795bf8b95bf7c247f4cc0825ccc8c17
  languageName: node
  linkType: hard

"turndown@npm:^7.2.0":
  version: 7.2.4
  resolution: "turndown@npm:7.2.4"
  dependencies:
    "@mixmark-io/domino": "npm:^2.2.0"
  checksum: 10c0/8e66e24bc9d9cdcf720f0ee2655a61d9b9e60ebe2763e97a7a8c3f689e9154717bbea7ed48cc5e355651f34182da698c6bc5fef3028e5600c1cadb7e117376d5
  languageName: node
  linkType: hard
